
Microsoft Visual Studio Solution File, Format Version 12.00
# Visual Studio Version 17
VisualStudioVersion = 17.5.002.0
MinimumVisualStudioVersion = 10.0.40219.1
Project("{9A19103F-16F7-4668-BE54-9A1E7A4F7556}") = "2.Api.Notifications", "src\Demo.Api.Notifications\2.Api.Notifications.csproj", "{C7543280-7050-44E1-B497-24B769794246}"
EndProject
Project("{9A19103F-16F7-4668-BE54-9A1E7A4F7556}") = "3.Gateway.Email", "src\Demo.Gateway.Email\3.Gateway.Email.csproj", "{FB61C749-D344-4B91-BFD1-02B144E8FBA4}"
EndProject
Project("{9A19103F-16F7-4668-BE54-9A1E7A4F7556}") = "4.Gateway.SMS", "src\Demo.Gateway.SMS\4.Gateway.SMS.csproj", "{84EA4176-4F96-42D4-96D4-CA4ED2406BCC}"
EndProject
Project("{9A19103F-16F7-4668-BE54-9A1E7A4F7556}") = "1.Api.Users", "src\Demo.Api.Users\1.Api.Users.csproj", "{8FE07233-FBD3-4115-A3E4-ABDC868AB36D}"
EndProject
Project("{9A19103F-16F7-4668-BE54-9A1E7A4F7556}") = "0.BuildingBlocks", "src\Demo.BuildingBlocks\0.BuildingBlocks.csproj", "{4E08D56E-4543-47F9-883B-721AB0D20565}"
EndProject
Project("{2150E333-8FDC-42A3-9474-1A3956D46DE8}") = "Requests", "Requests", "{CEFBB136-1CBE-42AB-B9F4-158A1D04973E}"
	ProjectSection(SolutionItems) = preProject
		Requests\1.Api.Users.http = Requests\1.Api.Users.http
		Requests\2.Api.Notifications.http = Requests\2.Api.Notifications.http
		Requests\9.Observability.http = Requests\9.Observability.http
	EndProjectSection
EndProject
Global
	GlobalSection(SolutionConfigurationPlatforms) = preSolution
		Debug|Any CPU = Debug|Any CPU
		Release|Any CPU = Release|Any CPU
	EndGlobalSection
	GlobalSection(ProjectConfigurationPlatforms) = postSolution
		{C7543280-7050-44E1-B497-24B769794246}.Debug|Any CPU.ActiveCfg = Debug|Any CPU
		{C7543280-7050-44E1-B497-24B769794246}.Debug|Any CPU.Build.0 = Debug|Any CPU
		{C7543280-7050-44E1-B497-24B769794246}.Release|Any CPU.ActiveCfg = Release|Any CPU
		{C7543280-7050-44E1-B497-24B769794246}.Release|Any CPU.Build.0 = Release|Any CPU
		{FB61C749-D344-4B91-BFD1-02B144E8FBA4}.Debug|Any CPU.ActiveCfg = Debug|Any CPU
		{FB61C749-D344-4B91-BFD1-02B144E8FBA4}.Debug|Any CPU.Build.0 = Debug|Any CPU
		{FB61C749-D344-4B91-BFD1-02B144E8FBA4}.Release|Any CPU.ActiveCfg = Release|Any CPU
		{FB61C749-D344-4B91-BFD1-02B144E8FBA4}.Release|Any CPU.Build.0 = Release|Any CPU
		{84EA4176-4F96-42D4-96D4-CA4ED2406BCC}.Debug|Any CPU.ActiveCfg = Debug|Any CPU
		{84EA4176-4F96-42D4-96D4-CA4ED2406BCC}.Debug|Any CPU.Build.0 = Debug|Any CPU
		{84EA4176-4F96-42D4-96D4-CA4ED2406BCC}.Release|Any CPU.ActiveCfg = Release|Any CPU
		{84EA4176-4F96-42D4-96D4-CA4ED2406BCC}.Release|Any CPU.Build.0 = Release|Any CPU
		{8FE07233-FBD3-4115-A3E4-ABDC868AB36D}.Debug|Any CPU.ActiveCfg = Debug|Any CPU
		{8FE07233-FBD3-4115-A3E4-ABDC868AB36D}.Debug|Any CPU.Build.0 = Debug|Any CPU
		{8FE07233-FBD3-4115-A3E4-ABDC868AB36D}.Release|Any CPU.ActiveCfg = Release|Any CPU
		{8FE07233-FBD3-4115-A3E4-ABDC868AB36D}.Release|Any CPU.Build.0 = Release|Any CPU
		{4E08D56E-4543-47F9-883B-721AB0D20565}.Debug|Any CPU.ActiveCfg = Debug|Any CPU
		{4E08D56E-4543-47F9-883B-721AB0D20565}.Debug|Any CPU.Build.0 = Debug|Any CPU
		{4E08D56E-4543-47F9-883B-721AB0D20565}.Release|Any CPU.ActiveCfg = Release|Any CPU
		{4E08D56E-4543-47F9-883B-721AB0D20565}.Release|Any CPU.Build.0 = Release|Any CPU
	EndGlobalSection
	GlobalSection(SolutionProperties) = preSolution
		HideSolutionNode = FALSE
	EndGlobalSection
	GlobalSection(ExtensibilityGlobals) = postSolution
		SolutionGuid = {3F3526A5-11BE-44BB-8E37-A6A0CC357C51}
	EndGlobalSection
EndGlobal
